
Microsoft Visual Studio Solution File, Format Version 12.00
# Visual Studio Version 16
VisualStudioVersion = 16.0.31829.152
MinimumVisualStudioVersion = 10.0.40219.1
Project("{9A19103F-16F7-4668-BE54-9A1E7A4F7556}") = "EventMaker21", "EventMaker21\EventMaker21.csproj", "{DCE93268-3208-4C2C-92E7-8B912761BC67}"
EndProject
Global
	GlobalSection(SolutionConfigurationPlatforms) = preSolution
		Debug|Any CPU = Debug|Any CPU
		Release|Any CPU = Release|Any CPU
	EndGlobalSection
	GlobalSection(ProjectConfigurationPlatforms) = postSolution
		{DCE93268-3208-4C2C-92E7-8B912761BC67}.Debug|Any CPU.ActiveCfg = Debug|Any CPU
		{DCE93268-3208-4C2C-92E7-8B912761BC67}.Debug|Any CPU.Build.0 = Debug|Any CPU
		{DCE93268-3208-4C2C-92E7-8B912761BC67}.Release|Any CPU.ActiveCfg = Release|Any CPU
		{DCE93268-3208-4C2C-92E7-8B912761BC67}.Release|Any CPU.Build.0 = Release|Any CPU
	EndGlobalSection
	GlobalSection(SolutionProperties) = preSolution
		HideSolutionNode = FALSE
	EndGlobalSection
	GlobalSection(ExtensibilityGlobals) = postSolution
		SolutionGuid = {1B10B0AB-8173-4D15-9DB5-BD965FA856BB}
	EndGlobalSection
EndGlobal
